
Microsoft Visual Studio Solution File, Format Version 12.00
# Visual Studio Version 17
VisualStudioVersion = 17.11.35312.102
MinimumVisualStudioVersion = 10.0.40219.1
Project("{2150E333-8FDC-42A3-9474-1A3956D46DE8}") = "UserService", "UserService", "{7A791B8A-6029-44CE-8B60-8F9B40655C1F}"
EndProject
Project("{2150E333-8FDC-42A3-9474-1A3956D46DE8}") = "FoodService", "FoodService", "{76D5703A-8209-4AFB-B6B1-CA9157096727}"
EndProject
Project("{2150E333-8FDC-42A3-9474-1A3956D46DE8}") = "MealPlanService", "MealPlanService", "{40818098-7F87-4A9A-9AD3-CD025F894AE6}"
EndProject
Project("{2150E333-8FDC-42A3-9474-1A3956D46DE8}") = "PostService", "PostService", "{7251ECCF-E351-4BB5-9938-95E9B5F911A2}"
EndProject
Project("{2150E333-8FDC-42A3-9474-1A3956D46DE8}") = "src", "src", "{B122DB00-21E0-4BE9-BCD1-1786F3B95814}"
EndProject
Project("{2150E333-8FDC-42A3-9474-1A3956D46DE8}") = "tests", "tests", "{9E9C0D43-F798-45D4-B821-85E0F9470103}"
EndProject
Project("{9A19103F-16F7-4668-BE54-9A1E7A4F7556}") = "FoodService.API", "src\FoodService\FoodService.API\FoodService.API.csproj", "{07921468-0C56-452C-A31A-F3C23ADE6325}"
EndProject
Project("{9A19103F-16F7-4668-BE54-9A1E7A4F7556}") = "FoodService.Application", "src\FoodService\FoodService.Application\FoodService.Application.csproj", "{A5A0B69C-4A95-49E7-9DA0-360079690D75}"
EndProject
Project("{9A19103F-16F7-4668-BE54-9A1E7A4F7556}") = "FoodService.Domain", "src\FoodService\FoodService.Domain\FoodService.Domain.csproj", "{AC5BEC70-B166-40AF-B42D-9971354D122F}"
EndProject
Project("{9A19103F-16F7-4668-BE54-9A1E7A4F7556}") = "FoodService.Infrastructure", "src\FoodService\FoodService.Infrastructure\FoodService.Infrastructure.csproj", "{4DBE695F-8624-4A2F-B552-150C9099FD08}"
EndProject
Project("{9A19103F-16F7-4668-BE54-9A1E7A4F7556}") = "MealPlanService.API", "src\MealPlanService\MealPlanService.API\MealPlanService.API.csproj", "{73BAC542-50AA-4906-89AA-B11D38CF81DE}"
EndProject
Project("{9A19103F-16F7-4668-BE54-9A1E7A4F7556}") = "MealPlanService.BusinessLogic", "src\MealPlanService\MealPlanService.BusinessLogic\MealPlanService.BusinessLogic.csproj", "{3679F255-A6B3-49AD-BB9F-BC8B410B26CF}"
EndProject
Project("{9A19103F-16F7-4668-BE54-9A1E7A4F7556}") = "MealPlanService.Infrastructure", "src\MealPlanService\MealPlanService.Infrastructure\MealPlanService.Infrastructure.csproj", "{63A9BAB9-472E-49F5-A4F9-86AA4F740174}"
EndProject
Project("{9A19103F-16F7-4668-BE54-9A1E7A4F7556}") = "PostService.API", "src\PostService\PostService.API\PostService.API.csproj", "{1C15B7BC-2C7B-4929-8E0B-9EC8485569C2}"
EndProject
Project("{9A19103F-16F7-4668-BE54-9A1E7A4F7556}") = "PostService.BusinessLogic", "src\PostService\PostService.BusinessLogic\PostService.BusinessLogic.csproj", "{0F54D8F6-0157-40DA-AC04-AA472765B1FD}"
EndProject
Project("{9A19103F-16F7-4668-BE54-9A1E7A4F7556}") = "PostService.Infrastructure", "src\PostService\PostService.Infrastructure\PostService.Infrastructure.csproj", "{15603A60-6A92-4B1F-A564-E899F7FD2D8F}"
EndProject
Project("{9A19103F-16F7-4668-BE54-9A1E7A4F7556}") = "UserService.API", "src\UserService\UserService.API\UserService.API.csproj", "{AB441B18-56A8-46C9-BFD4-F15C03D10C85}"
EndProject
Project("{9A19103F-16F7-4668-BE54-9A1E7A4F7556}") = "UserService.Application", "src\UserService\UserService.Application\UserService.Application.csproj", "{EBA53F19-7A0A-4695-8437-ED939231A9C4}"
EndProject
Project("{9A19103F-16F7-4668-BE54-9A1E7A4F7556}") = "UserService.Domain", "src\UserService\UserService.Domain\UserService.Domain.csproj", "{DBF76526-4455-41E3-9BD2-0461B01EE871}"
EndProject
Project("{9A19103F-16F7-4668-BE54-9A1E7A4F7556}") = "UserService.Infrastructure", "src\UserService\UserService.Infrastructure\UserService.Infrastructure.csproj", "{4BC5622D-CC1B-4BD4-98CF-B24AC3C44885}"
EndProject
Project("{9A19103F-16F7-4668-BE54-9A1E7A4F7556}") = "FoodServiceTests", "tests\FoodServiceTests\FoodServiceTests.csproj", "{A29C0406-03CF-43F9-883E-952317A8ADDD}"
EndProject
Project("{9A19103F-16F7-4668-BE54-9A1E7A4F7556}") = "MealPlanServiceTests", "tests\MealPlanServiceTests\MealPlanServiceTests.csproj", "{1E739664-55A2-41BF-BBA4-AF9EEB117D8E}"
EndProject
Project("{9A19103F-16F7-4668-BE54-9A1E7A4F7556}") = "PostServiceTests", "tests\PostServiceTests\PostServiceTests.csproj", "{03437471-0526-4B23-BC09-42720B0875BA}"
EndProject
Project("{9A19103F-16F7-4668-BE54-9A1E7A4F7556}") = "UserServiceTests", "tests\UserServiceTests\UserServiceTests.csproj", "{6BFC769D-7D73-46C5-B320-B8E1DBA12604}"
EndProject
Project("{9A19103F-16F7-4668-BE54-9A1E7A4F7556}") = "MealPlanService.Core", "src\MealPlanService\MealPlanService.Core\MealPlanService.Core.csproj", "{21B65D4B-F884-4F2B-BC6B-BE89FD4F89A6}"
EndProject
Project("{9A19103F-16F7-4668-BE54-9A1E7A4F7556}") = "PostService.Core", "src\PostService\PostService.Core\PostService.Core.csproj", "{F4199B0F-5B85-4942-914D-E7F85D6DF115}"
EndProject
Project("{E53339B2-1760-4266-BCC7-CA923CBCF16C}") = "docker-compose", "docker-compose.dcproj", "{23C9B71D-4F6A-4F1B-B3B3-01E0A95AF307}"
EndProject
Global
	GlobalSection(SolutionConfigurationPlatforms) = preSolution
		Debug|Any CPU = Debug|Any CPU
		Release|Any CPU = Release|Any CPU
	EndGlobalSection
	GlobalSection(ProjectConfigurationPlatforms) = postSolution
		{07921468-0C56-452C-A31A-F3C23ADE6325}.Debug|Any CPU.ActiveCfg = Debug|Any CPU
		{07921468-0C56-452C-A31A-F3C23ADE6325}.Debug|Any CPU.Build.0 = Debug|Any CPU
		{07921468-0C56-452C-A31A-F3C23ADE6325}.Release|Any CPU.ActiveCfg = Release|Any CPU
		{07921468-0C56-452C-A31A-F3C23ADE6325}.Release|Any CPU.Build.0 = Release|Any CPU
		{A5A0B69C-4A95-49E7-9DA0-360079690D75}.Debug|Any CPU.ActiveCfg = Debug|Any CPU
		{A5A0B69C-4A95-49E7-9DA0-360079690D75}.Debug|Any CPU.Build.0 = Debug|Any CPU
		{A5A0B69C-4A95-49E7-9DA0-360079690D75}.Release|Any CPU.ActiveCfg = Release|Any CPU
		{A5A0B69C-4A95-49E7-9DA0-360079690D75}.Release|Any CPU.Build.0 = Release|Any CPU
		{AC5BEC70-B166-40AF-B42D-9971354D122F}.Debug|Any CPU.ActiveCfg = Debug|Any CPU
		{AC5BEC70-B166-40AF-B42D-9971354D122F}.Debug|Any CPU.Build.0 = Debug|Any CPU
		{AC5BEC70-B166-40AF-B42D-9971354D122F}.Release|Any CPU.ActiveCfg = Release|Any CPU
		{AC5BEC70-B166-40AF-B42D-9971354D122F}.Release|Any CPU.Build.0 = Release|Any CPU
		{4DBE695F-8624-4A2F-B552-150C9099FD08}.Debug|Any CPU.ActiveCfg = Debug|Any CPU
		{4DBE695F-8624-4A2F-B552-150C9099FD08}.Debug|Any CPU.Build.0 = Debug|Any CPU
		{4DBE695F-8624-4A2F-B552-150C9099FD08}.Release|Any CPU.ActiveCfg = Release|Any CPU
		{4DBE695F-8624-4A2F-B552-150C9099FD08}.Release|Any CPU.Build.0 = Release|Any CPU
		{73BAC542-50AA-4906-89AA-B11D38CF81DE}.Debug|Any CPU.ActiveCfg = Debug|Any CPU
		{73BAC542-50AA-4906-89AA-B11D38CF81DE}.Debug|Any CPU.Build.0 = Debug|Any CPU
		{73BAC542-50AA-4906-89AA-B11D38CF81DE}.Release|Any CPU.ActiveCfg = Release|Any CPU
		{73BAC542-50AA-4906-89AA-B11D38CF81DE}.Release|Any CPU.Build.0 = Release|Any CPU
		{3679F255-A6B3-49AD-BB9F-BC8B410B26CF}.Debug|Any CPU.ActiveCfg = Debug|Any CPU
		{3679F255-A6B3-49AD-BB9F-BC8B410B26CF}.Debug|Any CPU.Build.0 = Debug|Any CPU
		{3679F255-A6B3-49AD-BB9F-BC8B410B26CF}.Release|Any CPU.ActiveCfg = Release|Any CPU
		{3679F255-A6B3-49AD-BB9F-BC8B410B26CF}.Release|Any CPU.Build.0 = Release|Any CPU
		{63A9BAB9-472E-49F5-A4F9-86AA4F740174}.Debug|Any CPU.ActiveCfg = Debug|Any CPU
		{63A9BAB9-472E-49F5-A4F9-86AA4F740174}.Debug|Any CPU.Build.0 = Debug|Any CPU
		{63A9BAB9-472E-49F5-A4F9-86AA4F740174}.Release|Any CPU.ActiveCfg = Release|Any CPU
		{63A9BAB9-472E-49F5-A4F9-86AA4F740174}.Release|Any CPU.Build.0 = Release|Any CPU
		{1C15B7BC-2C7B-4929-8E0B-9EC8485569C2}.Debug|Any CPU.ActiveCfg = Debug|Any CPU
		{1C15B7BC-2C7B-4929-8E0B-9EC8485569C2}.Debug|Any CPU.Build.0 = Debug|Any CPU
		{1C15B7BC-2C7B-4929-8E0B-9EC8485569C2}.Release|Any CPU.ActiveCfg = Release|Any CPU
		{1C15B7BC-2C7B-4929-8E0B-9EC8485569C2}.Release|Any CPU.Build.0 = Release|Any CPU
		{0F54D8F6-0157-40DA-AC04-AA472765B1FD}.Debug|Any CPU.ActiveCfg = Debug|Any CPU
		{0F54D8F6-0157-40DA-AC04-AA472765B1FD}.Debug|Any CPU.Build.0 = Debug|Any CPU
		{0F54D8F6-0157-40DA-AC04-AA472765B1FD}.Release|Any CPU.ActiveCfg = Release|Any CPU
		{0F54D8F6-0157-40DA-AC04-AA472765B1FD}.Release|Any CPU.Build.0 = Release|Any CPU
		{15603A60-6A92-4B1F-A564-E899F7FD2D8F}.Debug|Any CPU.ActiveCfg = Debug|Any CPU
		{15603A60-6A92-4B1F-A564-E899F7FD2D8F}.Debug|Any CPU.Build.0 = Debug|Any CPU
		{15603A60-6A92-4B1F-A564-E899F7FD2D8F}.Release|Any CPU.ActiveCfg = Release|Any CPU
		{15603A60-6A92-4B1F-A564-E899F7FD2D8F}.Release|Any CPU.Build.0 = Release|Any CPU
		{AB441B18-56A8-46C9-BFD4-F15C03D10C85}.Debug|Any CPU.ActiveCfg = Debug|Any CPU
		{AB441B18-56A8-46C9-BFD4-F15C03D10C85}.Debug|Any CPU.Build.0 = Debug|Any CPU
		{AB441B18-56A8-46C9-BFD4-F15C03D10C85}.Release|Any CPU.ActiveCfg = Release|Any CPU
		{AB441B18-56A8-46C9-BFD4-F15C03D10C85}.Release|Any CPU.Build.0 = Release|Any CPU
		{EBA53F19-7A0A-4695-8437-ED939231A9C4}.Debug|Any CPU.ActiveCfg = Debug|Any CPU
		{EBA53F19-7A0A-4695-8437-ED939231A9C4}.Debug|Any CPU.Build.0 = Debug|Any CPU
		{EBA53F19-7A0A-4695-8437-ED939231A9C4}.Release|Any CPU.ActiveCfg = Release|Any CPU
		{EBA53F19-7A0A-4695-8437-ED939231A9C4}.Release|Any CPU.Build.0 = Release|Any CPU
		{DBF76526-4455-41E3-9BD2-0461B01EE871}.Debug|Any CPU.ActiveCfg = Debug|Any CPU
		{DBF76526-4455-41E3-9BD2-0461B01EE871}.Debug|Any CPU.Build.0 = Debug|Any CPU
		{DBF76526-4455-41E3-9BD2-0461B01EE871}.Release|Any CPU.ActiveCfg = Release|Any CPU
		{DBF76526-4455-41E3-9BD2-0461B01EE871}.Release|Any CPU.Build.0 = Release|Any CPU
		{4BC5622D-CC1B-4BD4-98CF-B24AC3C44885}.Debug|Any CPU.ActiveCfg = Debug|Any CPU
		{4BC5622D-CC1B-4BD4-98CF-B24AC3C44885}.Debug|Any CPU.Build.0 = Debug|Any CPU
		{4BC5622D-CC1B-4BD4-98CF-B24AC3C44885}.Release|Any CPU.ActiveCfg = Release|Any CPU
		{4BC5622D-CC1B-4BD4-98CF-B24AC3C44885}.Release|Any CPU.Build.0 = Release|Any CPU
		{A29C0406-03CF-43F9-883E-952317A8ADDD}.Debug|Any CPU.ActiveCfg = Debug|Any CPU
		{A29C0406-03CF-43F9-883E-952317A8ADDD}.Debug|Any CPU.Build.0 = Debug|Any CPU
		{A29C0406-03CF-43F9-883E-952317A8ADDD}.Release|Any CPU.ActiveCfg = Release|Any CPU
		{A29C0406-03CF-43F9-883E-952317A8ADDD}.Release|Any CPU.Build.0 = Release|Any CPU
		{1E739664-55A2-41BF-BBA4-AF9EEB117D8E}.Debug|Any CPU.ActiveCfg = Debug|Any CPU
		{1E739664-55A2-41BF-BBA4-AF9EEB117D8E}.Debug|Any CPU.Build.0 = Debug|Any CPU
		{1E739664-55A2-41BF-BBA4-AF9EEB117D8E}.Release|Any CPU.ActiveCfg = Release|Any CPU
		{1E739664-55A2-41BF-BBA4-AF9EEB117D8E}.Release|Any CPU.Build.0 = Release|Any CPU
		{03437471-0526-4B23-BC09-42720B0875BA}.Debug|Any CPU.ActiveCfg = Debug|Any CPU
		{03437471-0526-4B23-BC09-42720B0875BA}.Debug|Any CPU.Build.0 = Debug|Any CPU
		{03437471-0526-4B23-BC09-42720B0875BA}.Release|Any CPU.ActiveCfg = Release|Any CPU
		{03437471-0526-4B23-BC09-42720B0875BA}.Release|Any CPU.Build.0 = Release|Any CPU
		{6BFC769D-7D73-46C5-B320-B8E1DBA12604}.Debug|Any CPU.ActiveCfg = Debug|Any CPU
		{6BFC769D-7D73-46C5-B320-B8E1DBA12604}.Debug|Any CPU.Build.0 = Debug|Any CPU
		{6BFC769D-7D73-46C5-B320-B8E1DBA12604}.Release|Any CPU.ActiveCfg = Release|Any CPU
		{6BFC769D-7D73-46C5-B320-B8E1DBA12604}.Release|Any CPU.Build.0 = Release|Any CPU
		{21B65D4B-F884-4F2B-BC6B-BE89FD4F89A6}.Debug|Any CPU.ActiveCfg = Debug|Any CPU
		{21B65D4B-F884-4F2B-BC6B-BE89FD4F89A6}.Debug|Any CPU.Build.0 = Debug|Any CPU
		{21B65D4B-F884-4F2B-BC6B-BE89FD4F89A6}.Release|Any CPU.ActiveCfg = Release|Any CPU
		{21B65D4B-F884-4F2B-BC6B-BE89FD4F89A6}.Release|Any CPU.Build.0 = Release|Any CPU
		{F4199B0F-5B85-4942-914D-E7F85D6DF115}.Debug|Any CPU.ActiveCfg = Debug|Any CPU
		{F4199B0F-5B85-4942-914D-E7F85D6DF115}.Debug|Any CPU.Build.0 = Debug|Any CPU
		{F4199B0F-5B85-4942-914D-E7F85D6DF115}.Release|Any CPU.ActiveCfg = Release|Any CPU
		{F4199B0F-5B85-4942-914D-E7F85D6DF115}.Release|Any CPU.Build.0 = Release|Any CPU
		{23C9B71D-4F6A-4F1B-B3B3-01E0A95AF307}.Debug|Any CPU.ActiveCfg = Debug|Any CPU
		{23C9B71D-4F6A-4F1B-B3B3-01E0A95AF307}.Debug|Any CPU.Build.0 = Debug|Any CPU
		{23C9B71D-4F6A-4F1B-B3B3-01E0A95AF307}.Release|Any CPU.ActiveCfg = Release|Any CPU
		{23C9B71D-4F6A-4F1B-B3B3-01E0A95AF307}.Release|Any CPU.Build.0 = Release|Any CPU
	EndGlobalSection
	GlobalSection(SolutionProperties) = preSolution
		HideSolutionNode = FALSE
	EndGlobalSection
	GlobalSection(NestedProjects) = preSolution
		{7A791B8A-6029-44CE-8B60-8F9B40655C1F} = {B122DB00-21E0-4BE9-BCD1-1786F3B95814}
		{76D5703A-8209-4AFB-B6B1-CA9157096727} = {B122DB00-21E0-4BE9-BCD1-1786F3B95814}
		{40818098-7F87-4A9A-9AD3-CD025F894AE6} = {B122DB00-21E0-4BE9-BCD1-1786F3B95814}
		{7251ECCF-E351-4BB5-9938-95E9B5F911A2} = {B122DB00-21E0-4BE9-BCD1-1786F3B95814}
		{07921468-0C56-452C-A31A-F3C23ADE6325} = {76D5703A-8209-4AFB-B6B1-CA9157096727}
		{A5A0B69C-4A95-49E7-9DA0-360079690D75} = {76D5703A-8209-4AFB-B6B1-CA9157096727}
		{AC5BEC70-B166-40AF-B42D-9971354D122F} = {76D5703A-8209-4AFB-B6B1-CA9157096727}
		{4DBE695F-8624-4A2F-B552-150C9099FD08} = {76D5703A-8209-4AFB-B6B1-CA9157096727}
		{73BAC542-50AA-4906-89AA-B11D38CF81DE} = {40818098-7F87-4A9A-9AD3-CD025F894AE6}
		{3679F255-A6B3-49AD-BB9F-BC8B410B26CF} = {40818098-7F87-4A9A-9AD3-CD025F894AE6}
		{63A9BAB9-472E-49F5-A4F9-86AA4F740174} = {40818098-7F87-4A9A-9AD3-CD025F894AE6}
		{1C15B7BC-2C7B-4929-8E0B-9EC8485569C2} = {7251ECCF-E351-4BB5-9938-95E9B5F911A2}
		{0F54D8F6-0157-40DA-AC04-AA472765B1FD} = {7251ECCF-E351-4BB5-9938-95E9B5F911A2}
		{15603A60-6A92-4B1F-A564-E899F7FD2D8F} = {7251ECCF-E351-4BB5-9938-95E9B5F911A2}
		{AB441B18-56A8-46C9-BFD4-F15C03D10C85} = {7A791B8A-6029-44CE-8B60-8F9B40655C1F}
		{EBA53F19-7A0A-4695-8437-ED939231A9C4} = {7A791B8A-6029-44CE-8B60-8F9B40655C1F}
		{DBF76526-4455-41E3-9BD2-0461B01EE871} = {7A791B8A-6029-44CE-8B60-8F9B40655C1F}
		{4BC5622D-CC1B-4BD4-98CF-B24AC3C44885} = {7A791B8A-6029-44CE-8B60-8F9B40655C1F}
		{A29C0406-03CF-43F9-883E-952317A8ADDD} = {9E9C0D43-F798-45D4-B821-85E0F9470103}
		{1E739664-55A2-41BF-BBA4-AF9EEB117D8E} = {9E9C0D43-F798-45D4-B821-85E0F9470103}
		{03437471-0526-4B23-BC09-42720B0875BA} = {9E9C0D43-F798-45D4-B821-85E0F9470103}
		{6BFC769D-7D73-46C5-B320-B8E1DBA12604} = {9E9C0D43-F798-45D4-B821-85E0F9470103}
		{21B65D4B-F884-4F2B-BC6B-BE89FD4F89A6} = {40818098-7F87-4A9A-9AD3-CD025F894AE6}
		{F4199B0F-5B85-4942-914D-E7F85D6DF115} = {7251ECCF-E351-4BB5-9938-95E9B5F911A2}
	EndGlobalSection
	GlobalSection(ExtensibilityGlobals) = postSolution
		SolutionGuid = {BD8CDA70-C9EF-4C82-9517-9363D709C383}
	EndGlobalSection
EndGlobal
